
Microsoft Visual Studio Solution File, Format Version 12.00
# Visual Studio Version 16
VisualStudioVersion = 16.0.30320.27
MinimumVisualStudioVersion = 10.0.40219.1
Project("{9A19103F-16F7-4668-BE54-9A1E7A4F7556}") = "WotProject", "WotProject.csproj", "{FF33094A-4417-4A57-A1E9-6B48F4D26D8F}"
EndProject
Global
	GlobalSection(SolutionConfigurationPlatforms) = preSolution
		Debug|Any CPU = Debug|Any CPU
		Release|Any CPU = Release|Any CPU
	EndGlobalSection
	GlobalSection(ProjectConfigurationPlatforms) = postSolution
		{FF33094A-4417-4A57-A1E9-6B48F4D26D8F}.Debug|Any CPU.ActiveCfg = Debug|Any CPU
		{FF33094A-4417-4A57-A1E9-6B48F4D26D8F}.Debug|Any CPU.Build.0 = Debug|Any CPU
		{FF33094A-4417-4A57-A1E9-6B48F4D26D8F}.Release|Any CPU.ActiveCfg = Release|Any CPU
		{FF33094A-4417-4A57-A1E9-6B48F4D26D8F}.Release|Any CPU.Build.0 = Release|Any CPU
	EndGlobalSection
	GlobalSection(SolutionProperties) = preSolution
		HideSolutionNode = FALSE
	EndGlobalSection
	GlobalSection(ExtensibilityGlobals) = postSolution
		SolutionGuid = {99F23A32-D168-4576-91B3-D9BE47BC9E18}
	EndGlobalSection
EndGlobal
